// !$*UTF8*$!
{
	archiveVersion = 1;
	classes = {
	};
	objectVersion = 50;
	objects = {

/* Begin PBXBuildFile section */
		2F1340B12163468C00BF23DB /* DetailsViewController.swift in Sources */ = {isa = PBXBuildFile; fileRef = 2F1340B02163468C00BF23DB /* DetailsViewController.swift */; };
		2F1340B32163852700BF23DB /* ScreenshotsCell.swift in Sources */ = {isa = PBXBuildFile; fileRef = 2F1340B22163852700BF23DB /* ScreenshotsCell.swift */; };
		2F7B631A215D105C00ADC2DD /* Models.swift in Sources */ = {isa = PBXBuildFile; fileRef = 2F7B6319215D105C00ADC2DD /* Models.swift */; };
		2FD3E3DC215AC550000E26E0 /* AppCell.swift in Sources */ = {isa = PBXBuildFile; fileRef = 2FD3E3DB215AC550000E26E0 /* AppCell.swift */; };
		2FDDD117215A722400CF5DAC /* AppDelegate.swift in Sources */ = {isa = PBXBuildFile; fileRef = 2FDDD116215A722400CF5DAC /* AppDelegate.swift */; };
		2FDDD119215A722400CF5DAC /* FeaturedAppsController.swift in Sources */ = {isa = PBXBuildFile; fileRef = 2FDDD118215A722400CF5DAC /* FeaturedAppsController.swift */; };
		2FDDD11E215A722400CF5DAC /* Assets.xcassets in Resources */ = {isa = PBXBuildFile; fileRef = 2FDDD11D215A722400CF5DAC /* Assets.xcassets */; };
		2FDDD121215A722400CF5DAC /* LaunchScreen.storyboard in Resources */ = {isa = PBXBuildFile; fileRef = 2FDDD11F215A722400CF5DAC /* LaunchScreen.storyboard */; };
		2FDDD12A215A788900CF5DAC /* CategoryCell.swift in Sources */ = {isa = PBXBuildFile; fileRef = 2FDDD129215A788900CF5DAC /* CategoryCell.swift */; };
		2FDDD12C215A794E00CF5DAC /* Extensions.swift in Sources */ = {isa = PBXBuildFile; fileRef = 2FDDD12B215A794E00CF5DAC /* Extensions.swift */; };
		5014DB833D1056D0EBFCC4CA /* Pods_MyAppStore.framework in Frameworks */ = {isa = PBXBuildFile; fileRef = 898B4A903245DF81F80767DD /* Pods_MyAppStore.framework */; };
/* End PBXBuildFile section */

/* Begin PBXFileReference section */
		2F1340B02163468C00BF23DB /* DetailsViewController.swift */ = {isa = PBXFileReference; lastKnownFileType = sourcecode.swift; path = DetailsViewController.swift; sourceTree = "<group>"; };
		2F1340B22163852700BF23DB /* ScreenshotsCell.swift */ = {isa = PBXFileReference; lastKnownFileType = sourcecode.swift; path = ScreenshotsCell.swift; sourceTree = "<group>"; };
		2F7B6319215D105C00ADC2DD /* Models.swift */ = {isa = PBXFileReference; lastKnownFileType = sourcecode.swift; path = Models.swift; sourceTree = "<group>"; };
		2FD3E3DB215AC550000E26E0 /* AppCell.swift */ = {isa = PBXFileReference; lastKnownFileType = sourcecode.swift; path = AppCell.swift; sourceTree = "<group>"; };
		2FDDD113215A722400CF5DAC /* MyAppStore.app */ = {isa = PBXFileReference; explicitFileType = wrapper.application; includeInIndex = 0; path = MyAppStore.app; sourceTree = BUILT_PRODUCTS_DIR; };
		2FDDD116215A722400CF5DAC /* AppDelegate.swift */ = {isa = PBXFileReference; lastKnownFileType = sourcecode.swift; path = AppDelegate.swift; sourceTree = "<group>"; };
		2FDDD118215A722400CF5DAC /* FeaturedAppsController.swift */ = {isa = PBXFileReference; lastKnownFileType = sourcecode.swift; path = FeaturedAppsController.swift; sourceTree = "<group>"; };
		2FDDD11D215A722400CF5DAC /* Assets.xcassets */ = {isa = PBXFileReference; lastKnownFileType = folder.assetcatalog; path = Assets.xcassets; sourceTree = "<group>"; };
		2FDDD120215A722400CF5DAC /* Base */ = {isa = PBXFileReference; lastKnownFileType = file.storyboard; name = Base; path = Base.lproj/LaunchScreen.storyboard; sourceTree = "<group>"; };
		2FDDD122215A722400CF5DAC /* Info.plist */ = {isa = PBXFileReference; lastKnownFileType = text.plist.xml; path = Info.plist; sourceTree = "<group>"; };
		2FDDD129215A788900CF5DAC /* CategoryCell.swift */ = {isa = PBXFileReference; lastKnownFileType = sourcecode.swift; path = CategoryCell.swift; sourceTree = "<group>"; };
		2FDDD12B215A794E00CF5DAC /* Extensions.swift */ = {isa = PBXFileReference; lastKnownFileType = sourcecode.swift; path = Extensions.swift; sourceTree = "<group>"; };
		70912EF4815B90EE1146F0CB /* Pods-MyAppStore.debug.xcconfig */ = {isa = PBXFileReference; includeInIndex = 1; lastKnownFileType = text.xcconfig; name = "Pods-MyAppStore.debug.xcconfig"; path = "Pods/Target Support Files/Pods-MyAppStore/Pods-MyAppStore.debug.xcconfig"; sourceTree = "<group>"; };
		898B4A903245DF81F80767DD /* Pods_MyAppStore.framework */ = {isa = PBXFileReference; explicitFileType = wrapper.framework; includeInIndex = 0; path = Pods_MyAppStore.framework; sourceTree = BUILT_PRODUCTS_DIR; };
		C0CD74E6A4886E9B93E1E51C /* Pods-MyAppStore.release.xcconfig */ = {isa = PBXFileReference; includeInIndex = 1; lastKnownFileType = text.xcconfig; name = "Pods-MyAppStore.release.xcconfig"; path = "Pods/Target Support Files/Pods-MyAppStore/Pods-MyAppStore.release.xcconfig"; sourceTree = "<group>"; };
/* End PBXFileReference section */

/* Begin PBXFrameworksBuildPhase section */
		2FDDD110215A722400CF5DAC /* Frameworks */ = {
			isa = PBXFrameworksBuildPhase;
			buildActionMask = 2147483647;
			files = (
				5014DB833D1056D0EBFCC4CA /* Pods_MyAppStore.framework in Frameworks */,
			);
			runOnlyForDeploymentPostprocessing = 0;
		};
/* End PBXFrameworksBuildPhase section */

/* Begin PBXGroup section */
		06F8F9D379D2CC633E5E1B8C /* Frameworks */ = {
			isa = PBXGroup;
			children = (
				898B4A903245DF81F80767DD /* Pods_MyAppStore.framework */,
			);
			name = Frameworks;
			sourceTree = "<group>";
		};
		2F1340AF2163467800BF23DB /* Controllers */ = {
			isa = PBXGroup;
			children = (
				2FDDD118215A722400CF5DAC /* FeaturedAppsController.swift */,
				2F1340B02163468C00BF23DB /* DetailsViewController.swift */,
			);
			path = Controllers;
			sourceTree = "<group>";
		};
		2F4377CB215E1367002788A8 /* Services */ = {
			isa = PBXGroup;
			children = (
			);
			path = Services;
			sourceTree = "<group>";
		};
		2F7B6318215D105200ADC2DD /* Models */ = {
			isa = PBXGroup;
			children = (
				2F7B6319215D105C00ADC2DD /* Models.swift */,
			);
			path = Models;
			sourceTree = "<group>";
		};
		2FDDD10A215A722300CF5DAC = {
			isa = PBXGroup;
			children = (
				2F1340AF2163467800BF23DB /* Controllers */,
				2F4377CB215E1367002788A8 /* Services */,
				2F7B6318215D105200ADC2DD /* Models */,
				2FDDD115215A722400CF5DAC /* MyAppStore */,
				2FDDD114215A722400CF5DAC /* Products */,
				B7044324394E64EC447346FF /* Pods */,
				06F8F9D379D2CC633E5E1B8C /* Frameworks */,
			);
			sourceTree = "<group>";
		};
		2FDDD114215A722400CF5DAC /* Products */ = {
			isa = PBXGroup;
			children = (
				2FDDD113215A722400CF5DAC /* MyAppStore.app */,
			);
			name = Products;
			sourceTree = "<group>";
		};
		2FDDD115215A722400CF5DAC /* MyAppStore */ = {
			isa = PBXGroup;
			children = (
				2FDDD128215A787A00CF5DAC /* Cells */,
				2FDDD116215A722400CF5DAC /* AppDelegate.swift */,
				2FDDD11D215A722400CF5DAC /* Assets.xcassets */,
				2FDDD11F215A722400CF5DAC /* LaunchScreen.storyboard */,
				2FDDD122215A722400CF5DAC /* Info.plist */,
				2FDDD12B215A794E00CF5DAC /* Extensions.swift */,
			);
			path = MyAppStore;
			sourceTree = "<group>";
		};
		2FDDD128215A787A00CF5DAC /* Cells */ = {
			isa = PBXGroup;
			children = (
				2FDDD129215A788900CF5DAC /* CategoryCell.swift */,
				2FD3E3DB215AC550000E26E0 /* AppCell.swift */,
				2F1340B22163852700BF23DB /* ScreenshotsCell.swift */,
			);
			path = Cells;
			sourceTree = "<group>";
		};
		B7044324394E64EC447346FF /* Pods */ = {
			isa = PBXGroup;
			children = (
				70912EF4815B90EE1146F0CB /* Pods-MyAppStore.debug.xcconfig */,
				C0CD74E6A4886E9B93E1E51C /* Pods-MyAppStore.release.xcconfig */,
			);
			name = Pods;
			sourceTree = "<group>";
		};
/* End PBXGroup section */

/* Begin PBXNativeTarget section */
		2FDDD112215A722400CF5DAC /* MyAppStore */ = {
			isa = PBXNativeTarget;
			buildConfigurationList = 2FDDD125215A722400CF5DAC /* Build configuration list for PBXNativeTarget "MyAppStore" */;
			buildPhases = (
				5B616F6033677643548597E9 /* [CP] Check Pods Manifest.lock */,
				2FDDD10F215A722400CF5DAC /* Sources */,
				2FDDD110215A722400CF5DAC /* Frameworks */,
				2FDDD111215A722400CF5DAC /* Resources */,
				3900F77387FB49B5FF076481 /* [CP] Embed Pods Frameworks */,
			);
			buildRules = (
			);
			dependencies = (
			);
			name = MyAppStore;
			productName = MyAppStore;
			productReference = 2FDDD113215A722400CF5DAC /* MyAppStore.app */;
			productType = "com.apple.product-type.application";
		};
/* End PBXNativeTarget section */

/* Begin PBXProject section */
		2FDDD10B215A722300CF5DAC /* Project object */ = {
			isa = PBXProject;
			attributes = {
				LastSwiftUpdateCheck = 1000;
				LastUpgradeCheck = 1000;
				ORGANIZATIONNAME = "Armin Spahic";
				TargetAttributes = {
					2FDDD112215A722400CF5DAC = {
						CreatedOnToolsVersion = 10.0;
					};
				};
			};
			buildConfigurationList = 2FDDD10E215A722300CF5DAC /* Build configuration list for PBXProject "MyAppStore" */;
			compatibilityVersion = "Xcode 9.3";
			developmentRegion = en;
			hasScannedForEncodings = 0;
			knownRegions = (
				en,
				Base,
			);
			mainGroup = 2FDDD10A215A722300CF5DAC;
			productRefGroup = 2FDDD114215A722400CF5DAC /* Products */;
			projectDirPath = "";
			projectRoot = "";
			targets = (
				2FDDD112215A722400CF5DAC /* MyAppStore */,
			);
		};
/* End PBXProject section */

/* Begin PBXResourcesBuildPhase section */
		2FDDD111215A722400CF5DAC /* Resources */ = {
			isa = PBXResourcesBuildPhase;
			buildActionMask = 2147483647;
			files = (
				2FDDD121215A722400CF5DAC /* LaunchScreen.storyboard in Resources */,
				2FDDD11E215A722400CF5DAC /* Assets.xcassets in Resources */,
			);
			runOnlyForDeploymentPostprocessing = 0;
		};
/* End PBXResourcesBuildPhase section */

/* Begin PBXShellScriptBuildPhase section */
		3900F77387FB49B5FF076481 /* [CP] Embed Pods Frameworks */ = {
			isa = PBXShellScriptBuildPhase;
			buildActionMask = 2147483647;
			files = (
			);
			inputPaths = (
				"${SRCROOT}/Pods/Target Support Files/Pods-MyAppStore/Pods-MyAppStore-frameworks.sh",
				"${BUILT_PRODUCTS_DIR}/SwiftyJSON/SwiftyJSON.framework",
			);
			name = "[CP] Embed Pods Frameworks";
			outputPaths = (
				"${TARGET_BUILD_DIR}/${FRAMEWORKS_FOLDER_PATH}/SwiftyJSON.framework",
			);
			runOnlyForDeploymentPostprocessing = 0;
			shellPath = /bin/sh;
			shellScript = "\"${SRCROOT}/Pods/Target Support Files/Pods-MyAppStore/Pods-MyAppStore-frameworks.sh\"\n";
			showEnvVarsInLog = 0;
		};
		5B616F6033677643548597E9 /* [CP] Check Pods Manifest.lock */ = {
			isa = PBXShellScriptBuildPhase;
			buildActionMask = 2147483647;
			files = (
			);
			inputPaths = (
				"${PODS_PODFILE_DIR_PATH}/Podfile.lock",
				"${PODS_ROOT}/Manifest.lock",
			);
			name = "[CP] Check Pods Manifest.lock";
			outputPaths = (
				"$(DERIVED_FILE_DIR)/Pods-MyAppStore-checkManifestLockResult.txt",
			);
			runOnlyForDeploymentPostprocessing = 0;
			shellPath = /bin/sh;
			shellScript = "diff \"${PODS_PODFILE_DIR_PATH}/Podfile.lock\" \"${PODS_ROOT}/Manifest.lock\" > /dev/null\nif [ $? != 0 ] ; then\n    # print error to STDERR\n    echo \"error: The sandbox is not in sync with the Podfile.lock. Run 'pod install' or update your CocoaPods installation.\" >&2\n    exit 1\nfi\n# This output is used by Xcode 'outputs' to avoid re-running this script phase.\necho \"SUCCESS\" > \"${SCRIPT_OUTPUT_FILE_0}\"\n";
			showEnvVarsInLog = 0;
		};
/* End PBXShellScriptBuildPhase section */

/* Begin PBXSourcesBuildPhase section */
		2FDDD10F215A722400CF5DAC /* Sources */ = {
			isa = PBXSourcesBuildPhase;
			buildActionMask = 2147483647;
			files = (
				2FD3E3DC215AC550000E26E0 /* AppCell.swift in Sources */,
				2F1340B32163852700BF23DB /* ScreenshotsCell.swift in Sources */,
				2FDDD119215A722400CF5DAC /* FeaturedAppsController.swift in Sources */,
				2FDDD117215A722400CF5DAC /* AppDelegate.swift in Sources */,
				2F7B631A215D105C00ADC2DD /* Models.swift in Sources */,
				2F1340B12163468C00BF23DB /* DetailsViewController.swift in Sources */,
				2FDDD12A215A788900CF5DAC /* CategoryCell.swift in Sources */,
				2FDDD12C215A794E00CF5DAC /* Extensions.swift in Sources */,
			);
			runOnlyForDeploymentPostprocessing = 0;
		};
/* End PBXSourcesBuildPhase section */

/* Begin PBXVariantGroup section */
		2FDDD11F215A722400CF5DAC /* LaunchScreen.storyboard */ = {
			isa = PBXVariantGroup;
			children = (
				2FDDD120215A722400CF5DAC /* Base */,
			);
			name = LaunchScreen.storyboard;
			sourceTree = "<group>";
		};
/* End PBXVariantGroup section */

/* Begin XCBuildConfiguration section */
		2FDDD123215A722400CF5DAC /* Debug */ = {
			isa = XCBuildConfiguration;
			buildSettings = {
				ALWAYS_SEARCH_USER_PATHS = NO;
				CLANG_ANALYZER_NONNULL = YES;
				CLANG_ANALYZER_NUMBER_OBJECT_CONVERSION = YES_AGGRESSIVE;
				CLANG_CXX_LANGUAGE_STANDARD = "gnu++14";
				CLANG_CXX_LIBRARY = "libc++";
				CLANG_ENABLE_MODULES = YES;
				CLANG_ENABLE_OBJC_ARC = YES;
				CLANG_ENABLE_OBJC_WEAK = YES;
				CLANG_WARN_BLOCK_CAPTURE_AUTORELEASING = YES;
				CLANG_WARN_BOOL_CONVERSION = YES;
				CLANG_WARN_COMMA = YES;
				CLANG_WARN_CONSTANT_CONVERSION = YES;
				CLANG_WARN_DEPRECATED_OBJC_IMPLEMENTATIONS = YES;
				CLANG_WARN_DIRECT_OBJC_ISA_USAGE = YES_ERROR;
				CLANG_WARN_DOCUMENTATION_COMMENTS = YES;
				CLANG_WARN_EMPTY_BODY = YES;
				CLANG_WARN_ENUM_CONVERSION = YES;
				CLANG_WARN_INFINITE_RECURSION = YES;
				CLANG_WARN_INT_CONVERSION = YES;
				CLANG_WARN_NON_LITERAL_NULL_CONVERSION = YES;
				CLANG_WARN_OBJC_IMPLICIT_RETAIN_SELF = YES;
				CLANG_WARN_OBJC_LITERAL_CONVERSION = YES;
				CLANG_WARN_OBJC_ROOT_CLASS = YES_ERROR;
				CLANG_WARN_RANGE_LOOP_ANALYSIS = YES;
				CLANG_WARN_STRICT_PROTOTYPES = YES;
				CLANG_WARN_SUSPICIOUS_MOVE = YES;
				CLANG_WARN_UNGUARDED_AVAILABILITY = YES_AGGRESSIVE;
				CLANG_WARN_UNREACHABLE_CODE = YES;
				CLANG_WARN__DUPLICATE_METHOD_MATCH = YES;
				CODE_SIGN_IDENTITY = "iPhone Developer";
				COPY_PHASE_STRIP = NO;
				DEBUG_INFORMATION_FORMAT = dwarf;
				ENABLE_STRICT_OBJC_MSGSEND = YES;
				ENABLE_TESTABILITY = YES;
				GCC_C_LANGUAGE_STANDARD = gnu11;
				GCC_DYNAMIC_NO_PIC = NO;
				GCC_NO_COMMON_BLOCKS = YES;
				GCC_OPTIMIZATION_LEVEL = 0;
				GCC_PREPROCESSOR_DEFINITIONS = (
					"DEBUG=1",
					"$(inherited)",
				);
				GCC_WARN_64_TO_32_BIT_CONVERSION = YES;
				GCC_WARN_ABOUT_RETURN_TYPE = YES_ERROR;
				GCC_WARN_UNDECLARED_SELECTOR = YES;
				GCC_WARN_UNINITIALIZED_AUTOS = YES_AGGRESSIVE;
				GCC_WARN_UNUSED_FUNCTION = YES;
				GCC_WARN_UNUSED_VARIABLE = YES;
				IPHONEOS_DEPLOYMENT_TARGET = 12.0;
				MTL_ENABLE_DEBUG_INFO = INCLUDE_SOURCE;
				MTL_FAST_MATH = YES;
				ONLY_ACTIVE_ARCH = YES;
				SDKROOT = iphoneos;
				SWIFT_ACTIVE_COMPILATION_CONDITIONS = DEBUG;
				SWIFT_OPTIMIZATION_LEVEL = "-Onone";
			};
			name = Debug;
		};
		2FDDD124215A722400CF5DAC /* Release */ = {
			isa = XCBuildConfiguration;
			buildSettings = {
				ALWAYS_SEARCH_USER_PATHS = NO;
				CLANG_ANALYZER_NONNULL = YES;
				CLANG_ANALYZER_NUMBER_OBJECT_CONVERSION = YES_AGGRESSIVE;
				CLANG_CXX_LANGUAGE_STANDARD = "gnu++14";
				CLANG_CXX_LIBRARY = "libc++";
				CLANG_ENABLE_MODULES = YES;
				CLANG_ENABLE_OBJC_ARC = YES;
				CLANG_ENABLE_OBJC_WEAK = YES;
				CLANG_WARN_BLOCK_CAPTURE_AUTORELEASING = YES;
				CLANG_WARN_BOOL_CONVERSION = YES;
				CLANG_WARN_COMMA = YES;
				CLANG_WARN_CONSTANT_CONVERSION = YES;
				CLANG_WARN_DEPRECATED_OBJC_IMPLEMENTATIONS = YES;
				CLANG_WARN_DIRECT_OBJC_ISA_USAGE = YES_ERROR;
				CLANG_WARN_DOCUMENTATION_COMMENTS = YES;
				CLANG_WARN_EMPTY_BODY = YES;
				CLANG_WARN_ENUM_CONVERSION = YES;
				CLANG_WARN_INFINITE_RECURSION = YES;
				CLANG_WARN_INT_CONVERSION = YES;
				CLANG_WARN_NON_LITERAL_NULL_CONVERSION = YES;
				CLANG_WARN_OBJC_IMPLICIT_RETAIN_SELF = YES;
				CLANG_WARN_OBJC_LITERAL_CONVERSION = YES;
				CLANG_WARN_OBJC_ROOT_CLASS = YES_ERROR;
				CLANG_WARN_RANGE_LOOP_ANALYSIS = YES;
				CLANG_WARN_STRICT_PROTOTYPES = YES;
				CLANG_WARN_SUSPICIOUS_MOVE = YES;
				CLANG_WARN_UNGUARDED_AVAILABILITY = YES_AGGRESSIVE;
				CLANG_WARN_UNREACHABLE_CODE = YES;
				CLANG_WARN__DUPLICATE_METHOD_MATCH = YES;
				CODE_SIGN_IDENTITY = "iPhone Developer";
				COPY_PHASE_STRIP = NO;
				DEBUG_INFORMATION_FORMAT = "dwarf-with-dsym";
				ENABLE_NS_ASSERTIONS = NO;
				ENABLE_STRICT_OBJC_MSGSEND = YES;
				GCC_C_LANGUAGE_STANDARD = gnu11;
				GCC_NO_COMMON_BLOCKS = YES;
				GCC_WARN_64_TO_32_BIT_CONVERSION = YES;
				GCC_WARN_ABOUT_RETURN_TYPE = YES_ERROR;
				GCC_WARN_UNDECLARED_SELECTOR = YES;
				GCC_WARN_UNINITIALIZED_AUTOS = YES_AGGRESSIVE;
				GCC_WARN_UNUSED_FUNCTION = YES;
				GCC_WARN_UNUSED_VARIABLE = YES;
				IPHONEOS_DEPLOYMENT_TARGET = 12.0;
				MTL_ENABLE_DEBUG_INFO = NO;
				MTL_FAST_MATH = YES;
				SDKROOT = iphoneos;
				SWIFT_COMPILATION_MODE = wholemodule;
				SWIFT_OPTIMIZATION_LEVEL = "-O";
				VALIDATE_PRODUCT = YES;
			};
			name = Release;
		};
		2FDDD126215A722400CF5DAC /* Debug */ = {
			isa = XCBuildConfiguration;
			baseConfigurationReference = 70912EF4815B90EE1146F0CB /* Pods-MyAppStore.debug.xcconfig */;
			buildSettings = {
				ASSETCATALOG_COMPILER_APPICON_NAME = AppIcon;
				CODE_SIGN_STYLE = Automatic;
				DEVELOPMENT_TEAM = 6NRP74S2U2;
				INFOPLIST_FILE = MyAppStore/Info.plist;
				LD_RUNPATH_SEARCH_PATHS = (
					"$(inherited)",
					"@executable_path/Frameworks",
				);
				PRODUCT_BUNDLE_IDENTIFIER = com.arminspahic.Todoey.MyAppStorey;
				PRODUCT_NAME = "$(TARGET_NAME)";
				SWIFT_VERSION = 4.2;
				TARGETED_DEVICE_FAMILY = "1,2";
			};
			name = Debug;
		};
		2FDDD127215A722400CF5DAC /* Release */ = {
			isa = XCBuildConfiguration;
			baseConfigurationReference = C0CD74E6A4886E9B93E1E51C /* Pods-MyAppStore.release.xcconfig */;
			buildSettings = {
				ASSETCATALOG_COMPILER_APPICON_NAME = AppIcon;
				CODE_SIGN_STYLE = Automatic;
				DEVELOPMENT_TEAM = 6NRP74S2U2;
				INFOPLIST_FILE = MyAppStore/Info.plist;
				LD_RUNPATH_SEARCH_PATHS = (
					"$(inherited)",
					"@executable_path/Frameworks",
				);
				PRODUCT_BUNDLE_IDENTIFIER = com.arminspahic.Todoey.MyAppStorey;
				PRODUCT_NAME = "$(TARGET_NAME)";
				SWIFT_VERSION = 4.2;
				TARGETED_DEVICE_FAMILY = "1,2";
			};
			name = Release;
		};
/* End XCBuildConfiguration section */

/* Begin XCConfigurationList section */
		2FDDD10E215A722300CF5DAC /* Build configuration list for PBXProject "MyAppStore" */ = {
			isa = XCConfigurationList;
			buildConfigurations = (
				2FDDD123215A722400CF5DAC /* Debug */,
				2FDDD124215A722400CF5DAC /* Release */,
			);
			defaultConfigurationIsVisible = 0;
			defaultConfigurationName = Release;
		};
		2FDDD125215A722400CF5DAC /* Build configuration list for PBXNativeTarget "MyAppStore" */ = {
			isa = XCConfigurationList;
			buildConfigurations = (
				2FDDD126215A722400CF5DAC /* Debug */,
				2FDDD127215A722400CF5DAC /* Release */,
			);
			defaultConfigurationIsVisible = 0;
			defaultConfigurationName = Release;
		};
/* End XCConfigurationList section */
	};
	rootObject = 2FDDD10B215A722300CF5DAC /* Project object */;
}
